
Microsoft Visual Studio Solution File, Format Version 12.00
# Visual Studio 14
VisualStudioVersion = 14.0.22823.1
MinimumVisualStudioVersion = 10.0.40219.1
Project("{FAE04EC0-301F-11D3-BF4B-00C04F79EFBC}") = "AnB.Data.Test", "AnB.Data.Test\AnB.Data.Test.csproj", "{09325944-62AF-4F11-B79F-C4B9A16D83AA}"
EndProject
Project("{FAE04EC0-301F-11D3-BF4B-00C04F79EFBC}") = "AnB.Data.Repository", "AnB.Data.Repository\AnB.Data.Repository.csproj", "{960A9A79-B8C3-4BC3-8D8E-B54AA72BB5D3}"
EndProject
Project("{8BB2217D-0F2D-49D1-97BC-3654ED321F3B}") = "AnB.Data.Articles", "AnB.Data.Articles\AnB.Data.Articles.xproj", "{DFC6BCED-B98D-4963-8E48-E6728BCBB7B9}"
EndProject
Project("{FAE04EC0-301F-11D3-BF4B-00C04F79EFBC}") = "AnB.Resources", "AnB.Resources\AnB.Resources.csproj", "{758CAA3D-CCA9-4A2C-B032-27A0FE30302B}"
EndProject
Project("{8BB2217D-0F2D-49D1-97BC-3654ED321F3B}") = "AnB.Site", "AnB.Site\AnB.Site.xproj", "{1A2B646F-CF39-46C2-99DD-9BFA72658FC3}"
EndProject
Project("{8BB2217D-0F2D-49D1-97BC-3654ED321F3B}") = "AnB.Data.Ecommerce", "AnB.Data.Ecommerce\AnB.Data.Ecommerce.xproj", "{D79F862F-06F7-40DB-994A-FDD8F56E81D4}"
EndProject
Project("{8BB2217D-0F2D-49D1-97BC-3654ED321F3B}") = "AnB.Web", "AnB.Web\AnB.Web.xproj", "{2A23F79D-1D7B-4F0F-8D5B-2011C613A5AB}"
EndProject
Project("{8BB2217D-0F2D-49D1-97BC-3654ED321F3B}") = "AnB.Example", "AnB.Example\AnB.Example.xproj", "{EA8D984C-DC03-4E23-8CAB-77C8CCB9EB63}"
EndProject
Global
	GlobalSection(SolutionConfigurationPlatforms) = preSolution
		Debug|Any CPU = Debug|Any CPU
		Release|Any CPU = Release|Any CPU
	EndGlobalSection
	GlobalSection(ProjectConfigurationPlatforms) = postSolution
		{09325944-62AF-4F11-B79F-C4B9A16D83AA}.Debug|Any CPU.ActiveCfg = Debug|Any CPU
		{09325944-62AF-4F11-B79F-C4B9A16D83AA}.Debug|Any CPU.Build.0 = Debug|Any CPU
		{09325944-62AF-4F11-B79F-C4B9A16D83AA}.Release|Any CPU.ActiveCfg = Release|Any CPU
		{09325944-62AF-4F11-B79F-C4B9A16D83AA}.Release|Any CPU.Build.0 = Release|Any CPU
		{960A9A79-B8C3-4BC3-8D8E-B54AA72BB5D3}.Debug|Any CPU.ActiveCfg = Debug|Any CPU
		{960A9A79-B8C3-4BC3-8D8E-B54AA72BB5D3}.Debug|Any CPU.Build.0 = Debug|Any CPU
		{960A9A79-B8C3-4BC3-8D8E-B54AA72BB5D3}.Release|Any CPU.ActiveCfg = Release|Any CPU
		{960A9A79-B8C3-4BC3-8D8E-B54AA72BB5D3}.Release|Any CPU.Build.0 = Release|Any CPU
		{DFC6BCED-B98D-4963-8E48-E6728BCBB7B9}.Debug|Any CPU.ActiveCfg = Debug|Any CPU
		{DFC6BCED-B98D-4963-8E48-E6728BCBB7B9}.Debug|Any CPU.Build.0 = Debug|Any CPU
		{DFC6BCED-B98D-4963-8E48-E6728BCBB7B9}.Release|Any CPU.ActiveCfg = Release|Any CPU
		{DFC6BCED-B98D-4963-8E48-E6728BCBB7B9}.Release|Any CPU.Build.0 = Release|Any CPU
		{758CAA3D-CCA9-4A2C-B032-27A0FE30302B}.Debug|Any CPU.ActiveCfg = Debug|Any CPU
		{758CAA3D-CCA9-4A2C-B032-27A0FE30302B}.Debug|Any CPU.Build.0 = Debug|Any CPU
		{758CAA3D-CCA9-4A2C-B032-27A0FE30302B}.Release|Any CPU.ActiveCfg = Release|Any CPU
		{758CAA3D-CCA9-4A2C-B032-27A0FE30302B}.Release|Any CPU.Build.0 = Release|Any CPU
		{1A2B646F-CF39-46C2-99DD-9BFA72658FC3}.Debug|Any CPU.ActiveCfg = Debug|Any CPU
		{1A2B646F-CF39-46C2-99DD-9BFA72658FC3}.Debug|Any CPU.Build.0 = Debug|Any CPU
		{1A2B646F-CF39-46C2-99DD-9BFA72658FC3}.Release|Any CPU.ActiveCfg = Release|Any CPU
		{1A2B646F-CF39-46C2-99DD-9BFA72658FC3}.Release|Any CPU.Build.0 = Release|Any CPU
		{D79F862F-06F7-40DB-994A-FDD8F56E81D4}.Debug|Any CPU.ActiveCfg = Debug|Any CPU
		{D79F862F-06F7-40DB-994A-FDD8F56E81D4}.Debug|Any CPU.Build.0 = Debug|Any CPU
		{D79F862F-06F7-40DB-994A-FDD8F56E81D4}.Release|Any CPU.ActiveCfg = Release|Any CPU
		{D79F862F-06F7-40DB-994A-FDD8F56E81D4}.Release|Any CPU.Build.0 = Release|Any CPU
		{2A23F79D-1D7B-4F0F-8D5B-2011C613A5AB}.Debug|Any CPU.ActiveCfg = Debug|Any CPU
		{2A23F79D-1D7B-4F0F-8D5B-2011C613A5AB}.Debug|Any CPU.Build.0 = Debug|Any CPU
		{2A23F79D-1D7B-4F0F-8D5B-2011C613A5AB}.Release|Any CPU.ActiveCfg = Release|Any CPU
		{2A23F79D-1D7B-4F0F-8D5B-2011C613A5AB}.Release|Any CPU.Build.0 = Release|Any CPU
		{EA8D984C-DC03-4E23-8CAB-77C8CCB9EB63}.Debug|Any CPU.ActiveCfg = Debug|Any CPU
		{EA8D984C-DC03-4E23-8CAB-77C8CCB9EB63}.Debug|Any CPU.Build.0 = Debug|Any CPU
		{EA8D984C-DC03-4E23-8CAB-77C8CCB9EB63}.Release|Any CPU.ActiveCfg = Release|Any CPU
		{EA8D984C-DC03-4E23-8CAB-77C8CCB9EB63}.Release|Any CPU.Build.0 = Release|Any CPU
	EndGlobalSection
	GlobalSection(SolutionProperties) = preSolution
		HideSolutionNode = FALSE
	EndGlobalSection
EndGlobal
